// !$*UTF8*$!
{
	archiveVersion = 1;
	classes = {
	};
	objectVersion = 50;
	objects = {

/* Begin PBXBuildFile section */
		FBDFC38C2623C3B200E7BD21 /* OrderView.swift in Sources */ = {isa = PBXBuildFile; fileRef = FBDFC38B2623C3B200E7BD21 /* OrderView.swift */; };
		FBDFC38F2623F01B00E7BD21 /* MainView.swift in Sources */ = {isa = PBXBuildFile; fileRef = FBDFC38E2623F01B00E7BD21 /* MainView.swift */; };
		FBED44AE25EE051E00A990D9 /* iDineApp.swift in Sources */ = {isa = PBXBuildFile; fileRef = FBED44AD25EE051E00A990D9 /* iDineApp.swift */; };
		FBED44B025EE051E00A990D9 /* ContentView.swift in Sources */ = {isa = PBXBuildFile; fileRef = FBED44AF25EE051E00A990D9 /* ContentView.swift */; };
		FBED44B225EE051F00A990D9 /* Assets.xcassets in Resources */ = {isa = PBXBuildFile; fileRef = FBED44B125EE051F00A990D9 /* Assets.xcassets */; };
		FBED44B525EE051F00A990D9 /* Preview Assets.xcassets in Resources */ = {isa = PBXBuildFile; fileRef = FBED44B425EE051F00A990D9 /* Preview Assets.xcassets */; };
		FBED44BE25EE058C00A990D9 /* Helper.swift in Sources */ = {isa = PBXBuildFile; fileRef = FBED44BD25EE058C00A990D9 /* Helper.swift */; };
		FBED44C125EE05EA00A990D9 /* Menu.swift in Sources */ = {isa = PBXBuildFile; fileRef = FBED44C025EE05EA00A990D9 /* Menu.swift */; };
		FBED44C425EE05F500A990D9 /* Order.swift in Sources */ = {isa = PBXBuildFile; fileRef = FBED44C325EE05F500A990D9 /* Order.swift */; };
		FBED44C725EE06B100A990D9 /* menu.json in Resources */ = {isa = PBXBuildFile; fileRef = FBED44C625EE06B100A990D9 /* menu.json */; };
		FBED456525F07E0100A990D9 /* ItemRow.swift in Sources */ = {isa = PBXBuildFile; fileRef = FBED456425F07E0100A990D9 /* ItemRow.swift */; };
		FBED456825F5C90400A990D9 /* MenuDetailsView.swift in Sources */ = {isa = PBXBuildFile; fileRef = FBED456725F5C90400A990D9 /* MenuDetailsView.swift */; };
/* End PBXBuildFile section */

/* Begin PBXFileReference section */
		FBDFC38B2623C3B200E7BD21 /* OrderView.swift */ = {isa = PBXFileReference; lastKnownFileType = sourcecode.swift; path = OrderView.swift; sourceTree = "<group>"; };
		FBDFC38E2623F01B00E7BD21 /* MainView.swift */ = {isa = PBXFileReference; lastKnownFileType = sourcecode.swift; path = MainView.swift; sourceTree = "<group>"; };
		FBED44AA25EE051E00A990D9 /* iDine.app */ = {isa = PBXFileReference; explicitFileType = wrapper.application; includeInIndex = 0; path = iDine.app; sourceTree = BUILT_PRODUCTS_DIR; };
		FBED44AD25EE051E00A990D9 /* iDineApp.swift */ = {isa = PBXFileReference; lastKnownFileType = sourcecode.swift; path = iDineApp.swift; sourceTree = "<group>"; };
		FBED44AF25EE051E00A990D9 /* ContentView.swift */ = {isa = PBXFileReference; lastKnownFileType = sourcecode.swift; path = ContentView.swift; sourceTree = "<group>"; };
		FBED44B125EE051F00A990D9 /* Assets.xcassets */ = {isa = PBXFileReference; lastKnownFileType = folder.assetcatalog; path = Assets.xcassets; sourceTree = "<group>"; };
		FBED44B425EE051F00A990D9 /* Preview Assets.xcassets */ = {isa = PBXFileReference; lastKnownFileType = folder.assetcatalog; path = "Preview Assets.xcassets"; sourceTree = "<group>"; };
		FBED44B625EE051F00A990D9 /* Info.plist */ = {isa = PBXFileReference; lastKnownFileType = text.plist.xml; path = Info.plist; sourceTree = "<group>"; };
		FBED44BD25EE058C00A990D9 /* Helper.swift */ = {isa = PBXFileReference; fileEncoding = 4; lastKnownFileType = sourcecode.swift; path = Helper.swift; sourceTree = "<group>"; };
		FBED44C025EE05EA00A990D9 /* Menu.swift */ = {isa = PBXFileReference; fileEncoding = 4; lastKnownFileType = sourcecode.swift; path = Menu.swift; sourceTree = "<group>"; };
		FBED44C325EE05F500A990D9 /* Order.swift */ = {isa = PBXFileReference; fileEncoding = 4; lastKnownFileType = sourcecode.swift; path = Order.swift; sourceTree = "<group>"; };
		FBED44C625EE06B100A990D9 /* menu.json */ = {isa = PBXFileReference; fileEncoding = 4; lastKnownFileType = text.json; path = menu.json; sourceTree = "<group>"; };
		FBED456425F07E0100A990D9 /* ItemRow.swift */ = {isa = PBXFileReference; lastKnownFileType = sourcecode.swift; path = ItemRow.swift; sourceTree = "<group>"; };
		FBED456725F5C90400A990D9 /* MenuDetailsView.swift */ = {isa = PBXFileReference; lastKnownFileType = sourcecode.swift; path = MenuDetailsView.swift; sourceTree = "<group>"; };
/* End PBXFileReference section */

/* Begin PBXFrameworksBuildPhase section */
		FBED44A725EE051E00A990D9 /* Frameworks */ = {
			isa = PBXFrameworksBuildPhase;
			buildActionMask = 2147483647;
			files = (
			);
			runOnlyForDeploymentPostprocessing = 0;
		};
/* End PBXFrameworksBuildPhase section */

/* Begin PBXGroup section */
		FBED44A125EE051E00A990D9 = {
			isa = PBXGroup;
			children = (
				FBED44AC25EE051E00A990D9 /* iDine */,
				FBED44AB25EE051E00A990D9 /* Products */,
			);
			sourceTree = "<group>";
		};
		FBED44AB25EE051E00A990D9 /* Products */ = {
			isa = PBXGroup;
			children = (
				FBED44AA25EE051E00A990D9 /* iDine.app */,
			);
			name = Products;
			sourceTree = "<group>";
		};
		FBED44AC25EE051E00A990D9 /* iDine */ = {
			isa = PBXGroup;
			children = (
				FBED44AD25EE051E00A990D9 /* iDineApp.swift */,
				FBED44AF25EE051E00A990D9 /* ContentView.swift */,
				FBED456425F07E0100A990D9 /* ItemRow.swift */,
				FBED456725F5C90400A990D9 /* MenuDetailsView.swift */,
				FBED44B125EE051F00A990D9 /* Assets.xcassets */,
				FBED44B625EE051F00A990D9 /* Info.plist */,
				FBED44BD25EE058C00A990D9 /* Helper.swift */,
				FBED44C025EE05EA00A990D9 /* Menu.swift */,
				FBED44C325EE05F500A990D9 /* Order.swift */,
				FBED44C625EE06B100A990D9 /* menu.json */,
				FBED44B325EE051F00A990D9 /* Preview Content */,
				FBDFC38B2623C3B200E7BD21 /* OrderView.swift */,
				FBDFC38E2623F01B00E7BD21 /* MainView.swift */,
			);
			path = iDine;
			sourceTree = "<group>";
		};
		FBED44B325EE051F00A990D9 /* Preview Content */ = {
			isa = PBXGroup;
			children = (
				FBED44B425EE051F00A990D9 /* Preview Assets.xcassets */,
			);
			path = "Preview Content";
			sourceTree = "<group>";
		};
/* End PBXGroup section */

/* Begin PBXNativeTarget section */
		FBED44A925EE051E00A990D9 /* iDine */ = {
			isa = PBXNativeTarget;
			buildConfigurationList = FBED44B925EE051F00A990D9 /* Build configuration list for PBXNativeTarget "iDine" */;
			buildPhases = (
				FBED44A625EE051E00A990D9 /* Sources */,
				FBED44A725EE051E00A990D9 /* Frameworks */,
				FBED44A825EE051E00A990D9 /* Resources */,
			);
			buildRules = (
			);
			dependencies = (
			);
			name = iDine;
			productName = iDine;
			productReference = FBED44AA25EE051E00A990D9 /* iDine.app */;
			productType = "com.apple.product-type.application";
		};
/* End PBXNativeTarget section */

/* Begin PBXProject section */
		FBED44A225EE051E00A990D9 /* Project object */ = {
			isa = PBXProject;
			attributes = {
				LastSwiftUpdateCheck = 1240;
				LastUpgradeCheck = 1240;
				TargetAttributes = {
					FBED44A925EE051E00A990D9 = {
						CreatedOnToolsVersion = 12.4;
					};
				};
			};
			buildConfigurationList = FBED44A525EE051E00A990D9 /* Build configuration list for PBXProject "iDine" */;
			compatibilityVersion = "Xcode 9.3";
			developmentRegion = en;
			hasScannedForEncodings = 0;
			knownRegions = (
				en,
				Base,
			);
			mainGroup = FBED44A125EE051E00A990D9;
			productRefGroup = FBED44AB25EE051E00A990D9 /* Products */;
			projectDirPath = "";
			projectRoot = "";
			targets = (
				FBED44A925EE051E00A990D9 /* iDine */,
			);
		};
/* End PBXProject section */

/* Begin PBXResourcesBuildPhase section */
		FBED44A825EE051E00A990D9 /* Resources */ = {
			isa = PBXResourcesBuildPhase;
			buildActionMask = 2147483647;
			files = (
				FBED44C725EE06B100A990D9 /* menu.json in Resources */,
				FBED44B525EE051F00A990D9 /* Preview Assets.xcassets in Resources */,
				FBED44B225EE051F00A990D9 /* Assets.xcassets in Resources */,
			);
			runOnlyForDeploymentPostprocessing = 0;
		};
/* End PBXResourcesBuildPhase section */

/* Begin PBXSourcesBuildPhase section */
		FBED44A625EE051E00A990D9 /* Sources */ = {
			isa = PBXSourcesBuildPhase;
			buildActionMask = 2147483647;
			files = (
				FBED44B025EE051E00A990D9 /* ContentView.swift in Sources */,
				FBDFC38F2623F01B00E7BD21 /* MainView.swift in Sources */,
				FBDFC38C2623C3B200E7BD21 /* OrderView.swift in Sources */,
				FBED44AE25EE051E00A990D9 /* iDineApp.swift in Sources */,
				FBED44C425EE05F500A990D9 /* Order.swift in Sources */,
				FBED456825F5C90400A990D9 /* MenuDetailsView.swift in Sources */,
				FBED456525F07E0100A990D9 /* ItemRow.swift in Sources */,
				FBED44C125EE05EA00A990D9 /* Menu.swift in Sources */,
				FBED44BE25EE058C00A990D9 /* Helper.swift in Sources */,
			);
			runOnlyForDeploymentPostprocessing = 0;
		};
/* End PBXSourcesBuildPhase section */

/* Begin XCBuildConfiguration section */
		FBED44B725EE051F00A990D9 /* Debug */ = {
			isa = XCBuildConfiguration;
			buildSettings = {
				ALWAYS_SEARCH_USER_PATHS = NO;
				CLANG_ANALYZER_NONNULL = YES;
				CLANG_ANALYZER_NUMBER_OBJECT_CONVERSION = YES_AGGRESSIVE;
				CLANG_CXX_LANGUAGE_STANDARD = "gnu++14";
				CLANG_CXX_LIBRARY = "libc++";
				CLANG_ENABLE_MODULES = YES;
				CLANG_ENABLE_OBJC_ARC = YES;
				CLANG_ENABLE_OBJC_WEAK = YES;
				CLANG_WARN_BLOCK_CAPTURE_AUTORELEASING = YES;
				CLANG_WARN_BOOL_CONVERSION = YES;
				CLANG_WARN_COMMA = YES;
				CLANG_WARN_CONSTANT_CONVERSION = YES;
				CLANG_WARN_DEPRECATED_OBJC_IMPLEMENTATIONS = YES;
				CLANG_WARN_DIRECT_OBJC_ISA_USAGE = YES_ERROR;
				CLANG_WARN_DOCUMENTATION_COMMENTS = YES;
				CLANG_WARN_EMPTY_BODY = YES;
				CLANG_WARN_ENUM_CONVERSION = YES;
				CLANG_WARN_INFINITE_RECURSION = YES;
				CLANG_WARN_INT_CONVERSION = YES;
				CLANG_WARN_NON_LITERAL_NULL_CONVERSION = YES;
				CLANG_WARN_OBJC_IMPLICIT_RETAIN_SELF = YES;
				CLANG_WARN_OBJC_LITERAL_CONVERSION = YES;
				CLANG_WARN_OBJC_ROOT_CLASS = YES_ERROR;
				CLANG_WARN_QUOTED_INCLUDE_IN_FRAMEWORK_HEADER = YES;
				CLANG_WARN_RANGE_LOOP_ANALYSIS = YES;
				CLANG_WARN_STRICT_PROTOTYPES = YES;
				CLANG_WARN_SUSPICIOUS_MOVE = YES;
				CLANG_WARN_UNGUARDED_AVAILABILITY = YES_AGGRESSIVE;
				CLANG_WARN_UNREACHABLE_CODE = YES;
				CLANG_WARN__DUPLICATE_METHOD_MATCH = YES;
				COPY_PHASE_STRIP = NO;
				DEBUG_INFORMATION_FORMAT = dwarf;
				ENABLE_STRICT_OBJC_MSGSEND = YES;
				ENABLE_TESTABILITY = YES;
				GCC_C_LANGUAGE_STANDARD = gnu11;
				GCC_DYNAMIC_NO_PIC = NO;
				GCC_NO_COMMON_BLOCKS = YES;
				GCC_OPTIMIZATION_LEVEL = 0;
				GCC_PREPROCESSOR_DEFINITIONS = (
					"DEBUG=1",
					"$(inherited)",
				);
				GCC_WARN_64_TO_32_BIT_CONVERSION = YES;
				GCC_WARN_ABOUT_RETURN_TYPE = YES_ERROR;
				GCC_WARN_UNDECLARED_SELECTOR = YES;
				GCC_WARN_UNINITIALIZED_AUTOS = YES_AGGRESSIVE;
				GCC_WARN_UNUSED_FUNCTION = YES;
				GCC_WARN_UNUSED_VARIABLE = YES;
				IPHONEOS_DEPLOYMENT_TARGET = 14.4;
				MTL_ENABLE_DEBUG_INFO = INCLUDE_SOURCE;
				MTL_FAST_MATH = YES;
				ONLY_ACTIVE_ARCH = YES;
				SDKROOT = iphoneos;
				SWIFT_ACTIVE_COMPILATION_CONDITIONS = DEBUG;
				SWIFT_OPTIMIZATION_LEVEL = "-Onone";
			};
			name = Debug;
		};
		FBED44B825EE051F00A990D9 /* Release */ = {
			isa = XCBuildConfiguration;
			buildSettings = {
				ALWAYS_SEARCH_USER_PATHS = NO;
				CLANG_ANALYZER_NONNULL = YES;
				CLANG_ANALYZER_NUMBER_OBJECT_CONVERSION = YES_AGGRESSIVE;
				CLANG_CXX_LANGUAGE_STANDARD = "gnu++14";
				CLANG_CXX_LIBRARY = "libc++";
				CLANG_ENABLE_MODULES = YES;
				CLANG_ENABLE_OBJC_ARC = YES;
				CLANG_ENABLE_OBJC_WEAK = YES;
				CLANG_WARN_BLOCK_CAPTURE_AUTORELEASING = YES;
				CLANG_WARN_BOOL_CONVERSION = YES;
				CLANG_WARN_COMMA = YES;
				CLANG_WARN_CONSTANT_CONVERSION = YES;
				CLANG_WARN_DEPRECATED_OBJC_IMPLEMENTATIONS = YES;
				CLANG_WARN_DIRECT_OBJC_ISA_USAGE = YES_ERROR;
				CLANG_WARN_DOCUMENTATION_COMMENTS = YES;
				CLANG_WARN_EMPTY_BODY = YES;
				CLANG_WARN_ENUM_CONVERSION = YES;
				CLANG_WARN_INFINITE_RECURSION = YES;
				CLANG_WARN_INT_CONVERSION = YES;
				CLANG_WARN_NON_LITERAL_NULL_CONVERSION = YES;
				CLANG_WARN_OBJC_IMPLICIT_RETAIN_SELF = YES;
				CLANG_WARN_OBJC_LITERAL_CONVERSION = YES;
				CLANG_WARN_OBJC_ROOT_CLASS = YES_ERROR;
				CLANG_WARN_QUOTED_INCLUDE_IN_FRAMEWORK_HEADER = YES;
				CLANG_WARN_RANGE_LOOP_ANALYSIS = YES;
				CLANG_WARN_STRICT_PROTOTYPES = YES;
				CLANG_WARN_SUSPICIOUS_MOVE = YES;
				CLANG_WARN_UNGUARDED_AVAILABILITY = YES_AGGRESSIVE;
				CLANG_WARN_UNREACHABLE_CODE = YES;
				CLANG_WARN__DUPLICATE_METHOD_MATCH = YES;
				COPY_PHASE_STRIP = NO;
				DEBUG_INFORMATION_FORMAT = "dwarf-with-dsym";
				ENABLE_NS_ASSERTIONS = NO;
				ENABLE_STRICT_OBJC_MSGSEND = YES;
				GCC_C_LANGUAGE_STANDARD = gnu11;
				GCC_NO_COMMON_BLOCKS = YES;
				GCC_WARN_64_TO_32_BIT_CONVERSION = YES;
				GCC_WARN_ABOUT_RETURN_TYPE = YES_ERROR;
				GCC_WARN_UNDECLARED_SELECTOR = YES;
				GCC_WARN_UNINITIALIZED_AUTOS = YES_AGGRESSIVE;
				GCC_WARN_UNUSED_FUNCTION = YES;
				GCC_WARN_UNUSED_VARIABLE = YES;
				IPHONEOS_DEPLOYMENT_TARGET = 14.4;
				MTL_ENABLE_DEBUG_INFO = NO;
				MTL_FAST_MATH = YES;
				SDKROOT = iphoneos;
				SWIFT_COMPILATION_MODE = wholemodule;
				SWIFT_OPTIMIZATION_LEVEL = "-O";
				VALIDATE_PRODUCT = YES;
			};
			name = Release;
		};
		FBED44BA25EE051F00A990D9 /* Debug */ = {
			isa = XCBuildConfiguration;
			buildSettings = {
				ASSETCATALOG_COMPILER_APPICON_NAME = AppIcon;
				ASSETCATALOG_COMPILER_GLOBAL_ACCENT_COLOR_NAME = AccentColor;
				CODE_SIGN_STYLE = Automatic;
				DEVELOPMENT_ASSET_PATHS = "\"iDine/Preview Content\"";
				ENABLE_PREVIEWS = YES;
				INFOPLIST_FILE = iDine/Info.plist;
				IPHONEOS_DEPLOYMENT_TARGET = 14.0;
				LD_RUNPATH_SEARCH_PATHS = (
					"$(inherited)",
					"@executable_path/Frameworks",
				);
				PRODUCT_BUNDLE_IDENTIFIER = avf.demo.iDine;
				PRODUCT_NAME = "$(TARGET_NAME)";
				SWIFT_VERSION = 5.0;
				TARGETED_DEVICE_FAMILY = "1,2";
			};
			name = Debug;
		};
		FBED44BB25EE051F00A990D9 /* Release */ = {
			isa = XCBuildConfiguration;
			buildSettings = {
				ASSETCATALOG_COMPILER_APPICON_NAME = AppIcon;
				ASSETCATALOG_COMPILER_GLOBAL_ACCENT_COLOR_NAME = AccentColor;
				CODE_SIGN_STYLE = Automatic;
				DEVELOPMENT_ASSET_PATHS = "\"iDine/Preview Content\"";
				ENABLE_PREVIEWS = YES;
				INFOPLIST_FILE = iDine/Info.plist;
				IPHONEOS_DEPLOYMENT_TARGET = 14.0;
				LD_RUNPATH_SEARCH_PATHS = (
					"$(inherited)",
					"@executable_path/Frameworks",
				);
				PRODUCT_BUNDLE_IDENTIFIER = avf.demo.iDine;
				PRODUCT_NAME = "$(TARGET_NAME)";
				SWIFT_VERSION = 5.0;
				TARGETED_DEVICE_FAMILY = "1,2";
			};
			name = Release;
		};
/* End XCBuildConfiguration section */

/* Begin XCConfigurationList section */
		FBED44A525EE051E00A990D9 /* Build configuration list for PBXProject "iDine" */ = {
			isa = XCConfigurationList;
			buildConfigurations = (
				FBED44B725EE051F00A990D9 /* Debug */,
				FBED44B825EE051F00A990D9 /* Release */,
			);
			defaultConfigurationIsVisible = 0;
			defaultConfigurationName = Release;
		};
		FBED44B925EE051F00A990D9 /* Build configuration list for PBXNativeTarget "iDine" */ = {
			isa = XCConfigurationList;
			buildConfigurations = (
				FBED44BA25EE051F00A990D9 /* Debug */,
				FBED44BB25EE051F00A990D9 /* Release */,
			);
			defaultConfigurationIsVisible = 0;
			defaultConfigurationName = Release;
		};
/* End XCConfigurationList section */
	};
	rootObject = FBED44A225EE051E00A990D9 /* Project object */;
}
